# Generated by pub
# See https://dart.dev/tools/pub/glossary#lockfile
packages:
  characters:
    dependency: transitive
    description:
      name: characters
      sha256: f71061c654a3380576a52b451dd5532377954cf9dbd272a78fc8479606670803
      url: "https://pub.dev"
    source: hosted
    version: "1.4.0"
  collection:
    dependency: "direct main"
    description:
      name: collection
      sha256: "2f5709ae4d3d59dd8f7cd309b4e023046b57d8a6c82130785d2b0e5868084e76"
      url: "https://pub.dev"
    source: hosted
    version: "1.19.1"
  flutter:
    dependency: "direct main"
    description: flutter
    source: sdk
    version: "0.0.0"
  flutter_hooks:
    dependency: "direct main"
    description:
      name: flutter_hooks
      sha256: b772e710d16d7a20c0740c4f855095026b31c7eb5ba3ab67d2bd52021cd9461d
      url: "https://pub.dev"
    source: hosted
    version: "0.21.2"
  material_color_utilities:
    dependency: transitive
    description:
      name: material_color_utilities
      sha256: f7142bb1154231d7ea5f96bc7bde4bda2a0945d2806bb11670e30b850d56bdec
      url: "https://pub.dev"
    source: hosted
    version: "0.11.1"
  meta:
    dependency: transitive
    description:
      name: meta
      sha256: e3641ec5d63ebf0d9b41bd43201a66e3fc79a65db5f61fc181f04cd27aab950c
      url: "https://pub.dev"
    source: hosted
    version: "1.16.0"
  path:
    dependency: transitive
    description:
      name: path
      sha256: "75cca69d1490965be98c73ceaea117e8a04dd21217b37b292c9ddbec0d955bc5"
      url: "https://pub.dev"
    source: hosted
    version: "1.9.1"
  sky_engine:
    dependency: transitive
    description: flutter
    source: sdk
    version: "0.0.0"
  syncfusion_flutter_core:
    dependency: "direct main"
    description:
      name: syncfusion_flutter_core
      sha256: "536753489e168f49659261d0abd02b101b34c0b1bde27898f2869aab05f1cbb6"
      url: "https://pub.dev"
    source: hosted
    version: "30.1.41"
  timezone:
    dependency: "direct main"
    description:
      name: timezone
      sha256: "2236ec079a174ce07434e89fcd3fcda430025eb7692244139a9cf54fdcf1fc7d"
      url: "https://pub.dev"
    source: hosted
    version: "0.9.4"
  vector_math:
    dependency: transitive
    description:
      name: vector_math
      sha256: "80b3257d1492ce4d091729e3a67a60407d227c27241d6927be0130c98e741803"
      url: "https://pub.dev"
    source: hosted
    version: "2.1.4"
sdks:
  dart: ">=3.7.0 <4.0.0"
  flutter: ">=3.21.0-13.0.pre.4"
